
Microsoft Visual Studio Solution File, Format Version 12.00
# Visual Studio Version 17
VisualStudioVersion = 17.6.33815.320
MinimumVisualStudioVersion = 10.0.40219.1
Project("{FAE04EC0-301F-11D3-BF4B-00C04F79EFBC}") = "Jwt_Project", "Jwt_Project.csproj", "{9C0652AF-D106-4DCF-B257-E84962D79AEE}"
EndProject
Global
	GlobalSection(SolutionConfigurationPlatforms) = preSolution
		Debug|Any CPU = Debug|Any CPU
		Release|Any CPU = Release|Any CPU
	EndGlobalSection
	GlobalSection(ProjectConfigurationPlatforms) = postSolution
		{9C0652AF-D106-4DCF-B257-E84962D79AEE}.Debug|Any CPU.ActiveCfg = Debug|Any CPU
		{9C0652AF-D106-4DCF-B257-E84962D79AEE}.Debug|Any CPU.Build.0 = Debug|Any CPU
		{9C0652AF-D106-4DCF-B257-E84962D79AEE}.Release|Any CPU.ActiveCfg = Release|Any CPU
		{9C0652AF-D106-4DCF-B257-E84962D79AEE}.Release|Any CPU.Build.0 = Release|Any CPU
	EndGlobalSection
	GlobalSection(SolutionProperties) = preSolution
		HideSolutionNode = FALSE
	EndGlobalSection
	GlobalSection(ExtensibilityGlobals) = postSolution
		SolutionGuid = {5D357905-4187-4A94-9AC6-9107B89B7EA7}
	EndGlobalSection
EndGlobal
